dependencies:
- name: kube-prometheus-stack
  repository: https://prometheus-community.github.io/helm-charts
  version: 60.4.0
- name: loki
  repository: https://grafana.github.io/helm-charts
  version: 6.7.4
- name: tempo
  repository: https://grafana.github.io/helm-charts
  version: 1.10.3
digest: sha256:b9c2d4c0b5e7fd13a8f73c1e49a2d0f6e5b8c3d1a2e4f7b0c9d6e3a1b8f5c2d4
generated: "2026-05-26T00:00:00.000000000Z"
